
Microsoft Visual Studio Solution File, Format Version 11.00
# Visual Studio 2010
Project("{FAE04EC0-301F-11D3-BF4B-00C04F79EFBC}") = "Cubojo", "Assembly-CSharp.csproj", "{2140657C-0B65-5969-55E0-95997018C2EC}"
EndProject
Global
	GlobalSection(SolutionConfigurationPlatforms) = preSolution
		Debug|Any CPU = Debug|Any CPU
		Release|Any CPU = Release|Any CPU
	EndGlobalSection
	GlobalSection(ProjectConfigurationPlatforms) = postSolution
		{2140657C-0B65-5969-55E0-95997018C2EC}.Debug|Any CPU.ActiveCfg = Debug|Any CPU
		{2140657C-0B65-5969-55E0-95997018C2EC}.Debug|Any CPU.Build.0 = Debug|Any CPU
		{2140657C-0B65-5969-55E0-95997018C2EC}.Release|Any CPU.ActiveCfg = Release|Any CPU
		{2140657C-0B65-5969-55E0-95997018C2EC}.Release|Any CPU.Build.0 = Release|Any CPU
	EndGlobalSection
	GlobalSection(SolutionProperties) = preSolution
		HideSolutionNode = FALSE
	EndGlobalSection
	GlobalSection(MonoDevelopProperties) = preSolution
		StartupItem = Assembly-CSharp.csproj
	EndGlobalSection
EndGlobal
